
Microsoft Visual Studio Solution File, Format Version 12.00
# Visual Studio 15
VisualStudioVersion = 15.0.26730.16
MinimumVisualStudioVersion = 10.0.40219.1
Project("{FAE04EC0-301F-11D3-BF4B-00C04F79EFBC}") = "part1_6", "part1_6\part1_6.csproj", "{BD9B922F-DD45-426A-AC49-515B3CF2BEFB}"
EndProject
Project("{FAE04EC0-301F-11D3-BF4B-00C04F79EFBC}") = "part1_17", "part1_17\part1_17.csproj", "{735FB4FC-3512-4E07-B4CC-94902A79D83F}"
EndProject
Project("{FAE04EC0-301F-11D3-BF4B-00C04F79EFBC}") = "part2_6", "part2_6\part2_6.csproj", "{94ABEDD7-437E-498E-A381-B68446F9666A}"
EndProject
Project("{FAE04EC0-301F-11D3-BF4B-00C04F79EFBC}") = "part4_4", "part4_4\part4_4.csproj", "{158340BE-19AC-41BB-95B1-E02F387642F5}"
EndProject
Project("{FAE04EC0-301F-11D3-BF4B-00C04F79EFBC}") = "part4_10", "part4_10\part4_10.csproj", "{1AF53C3D-68E7-46EE-83FD-5EC89257C67D}"
EndProject
Project("{FAE04EC0-301F-11D3-BF4B-00C04F79EFBC}") = "part3_5", "part3_5\part3_5.csproj", "{2569B5E1-79C5-4614-8383-A9362A14FD09}"
EndProject
Global
	GlobalSection(SolutionConfigurationPlatforms) = preSolution
		Debug|Any CPU = Debug|Any CPU
		Release|Any CPU = Release|Any CPU
	EndGlobalSection
	GlobalSection(ProjectConfigurationPlatforms) = postSolution
		{BD9B922F-DD45-426A-AC49-515B3CF2BEFB}.Debug|Any CPU.ActiveCfg = Debug|Any CPU
		{BD9B922F-DD45-426A-AC49-515B3CF2BEFB}.Debug|Any CPU.Build.0 = Debug|Any CPU
		{BD9B922F-DD45-426A-AC49-515B3CF2BEFB}.Release|Any CPU.ActiveCfg = Release|Any CPU
		{BD9B922F-DD45-426A-AC49-515B3CF2BEFB}.Release|Any CPU.Build.0 = Release|Any CPU
		{735FB4FC-3512-4E07-B4CC-94902A79D83F}.Debug|Any CPU.ActiveCfg = Debug|Any CPU
		{735FB4FC-3512-4E07-B4CC-94902A79D83F}.Debug|Any CPU.Build.0 = Debug|Any CPU
		{735FB4FC-3512-4E07-B4CC-94902A79D83F}.Release|Any CPU.ActiveCfg = Release|Any CPU
		{735FB4FC-3512-4E07-B4CC-94902A79D83F}.Release|Any CPU.Build.0 = Release|Any CPU
		{94ABEDD7-437E-498E-A381-B68446F9666A}.Debug|Any CPU.ActiveCfg = Debug|Any CPU
		{94ABEDD7-437E-498E-A381-B68446F9666A}.Debug|Any CPU.Build.0 = Debug|Any CPU
		{94ABEDD7-437E-498E-A381-B68446F9666A}.Release|Any CPU.ActiveCfg = Release|Any CPU
		{94ABEDD7-437E-498E-A381-B68446F9666A}.Release|Any CPU.Build.0 = Release|Any CPU
		{158340BE-19AC-41BB-95B1-E02F387642F5}.Debug|Any CPU.ActiveCfg = Debug|Any CPU
		{158340BE-19AC-41BB-95B1-E02F387642F5}.Debug|Any CPU.Build.0 = Debug|Any CPU
		{158340BE-19AC-41BB-95B1-E02F387642F5}.Release|Any CPU.ActiveCfg = Release|Any CPU
		{158340BE-19AC-41BB-95B1-E02F387642F5}.Release|Any CPU.Build.0 = Release|Any CPU
		{1AF53C3D-68E7-46EE-83FD-5EC89257C67D}.Debug|Any CPU.ActiveCfg = Debug|Any CPU
		{1AF53C3D-68E7-46EE-83FD-5EC89257C67D}.Debug|Any CPU.Build.0 = Debug|Any CPU
		{1AF53C3D-68E7-46EE-83FD-5EC89257C67D}.Release|Any CPU.ActiveCfg = Release|Any CPU
		{1AF53C3D-68E7-46EE-83FD-5EC89257C67D}.Release|Any CPU.Build.0 = Release|Any CPU
		{2569B5E1-79C5-4614-8383-A9362A14FD09}.Debug|Any CPU.ActiveCfg = Debug|Any CPU
		{2569B5E1-79C5-4614-8383-A9362A14FD09}.Debug|Any CPU.Build.0 = Debug|Any CPU
		{2569B5E1-79C5-4614-8383-A9362A14FD09}.Release|Any CPU.ActiveCfg = Release|Any CPU
		{2569B5E1-79C5-4614-8383-A9362A14FD09}.Release|Any CPU.Build.0 = Release|Any CPU
	EndGlobalSection
	GlobalSection(SolutionProperties) = preSolution
		HideSolutionNode = FALSE
	EndGlobalSection
	GlobalSection(ExtensibilityGlobals) = postSolution
		SolutionGuid = {BE54543E-8FCD-4C09-B5A4-67F62B514AAE}
	EndGlobalSection
EndGlobal
