
Microsoft Visual Studio Solution File, Format Version 12.00
# Visual Studio 15
VisualStudioVersion = 15.0.27428.2037
MinimumVisualStudioVersion = 10.0.40219.1
Project("{FAE04EC0-301F-11D3-BF4B-00C04F79EFBC}") = "NuclearPowerPlant", "NuclearPowerPlant\NuclearPowerPlant.csproj", "{5FF67828-4392-4249-BCA4-16A0DFF66A92}"
EndProject
Global
	GlobalSection(SolutionConfigurationPlatforms) = preSolution
		Debug|Any CPU = Debug|Any CPU
		Release|Any CPU = Release|Any CPU
	EndGlobalSection
	GlobalSection(ProjectConfigurationPlatforms) = postSolution
		{5FF67828-4392-4249-BCA4-16A0DFF66A92}.Debug|Any CPU.ActiveCfg = Debug|Any CPU
		{5FF67828-4392-4249-BCA4-16A0DFF66A92}.Debug|Any CPU.Build.0 = Debug|Any CPU
		{5FF67828-4392-4249-BCA4-16A0DFF66A92}.Release|Any CPU.ActiveCfg = Release|Any CPU
		{5FF67828-4392-4249-BCA4-16A0DFF66A92}.Release|Any CPU.Build.0 = Release|Any CPU
	EndGlobalSection
	GlobalSection(SolutionProperties) = preSolution
		HideSolutionNode = FALSE
	EndGlobalSection
	GlobalSection(ExtensibilityGlobals) = postSolution
		SolutionGuid = {E79F4009-98BD-4264-BC6A-A7318699049C}
	EndGlobalSection
EndGlobal
